Microsoft Visual Studio Solution File, Format Version 11.00
# Visual Studio 2008

Project("{89011392-EE14-E9F7-5B84-C37C7FC8AD7D}") = "LD26 Warmup", "Assembly-CSharp-firstpass.csproj", "{051F5816-5219-5171-2D31-FF60D40C8070}"
EndProject
Project("{89011392-EE14-E9F7-5B84-C37C7FC8AD7D}") = "LD26 Warmup", "Assembly-UnityScript-firstpass.unityproj", "{7649C678-84EC-D8AC-4DA2-7EE867E11B10}"
EndProject
Project("{89011392-EE14-E9F7-5B84-C37C7FC8AD7D}") = "LD26 Warmup", "Assembly-UnityScript-Editor.unityproj", "{F2D7175F-010A-2D51-B22A-85C733FFEA55}"
EndProject
Global
	GlobalSection(SolutionConfigurationPlatforms) = preSolution
		Debug|Any CPU = Debug|Any CPU
		Release|Any CPU = Release|Any CPU
	EndGlobalSection
	GlobalSection(ProjectConfigurationPlatforms) = postSolution
		{051F5816-5219-5171-2D31-FF60D40C8070}.Debug|Any CPU.ActiveCfg = Debug|Any CPU
		{051F5816-5219-5171-2D31-FF60D40C8070}.Debug|Any CPU.Build.0 = Debug|Any CPU
		{051F5816-5219-5171-2D31-FF60D40C8070}.Release|Any CPU.ActiveCfg = Release|Any CPU
		{051F5816-5219-5171-2D31-FF60D40C8070}.Release|Any CPU.Build.0 = Release|Any CPU
		{7649C678-84EC-D8AC-4DA2-7EE867E11B10}.Debug|Any CPU.ActiveCfg = Debug|Any CPU
		{7649C678-84EC-D8AC-4DA2-7EE867E11B10}.Debug|Any CPU.Build.0 = Debug|Any CPU
		{7649C678-84EC-D8AC-4DA2-7EE867E11B10}.Release|Any CPU.ActiveCfg = Release|Any CPU
		{7649C678-84EC-D8AC-4DA2-7EE867E11B10}.Release|Any CPU.Build.0 = Release|Any CPU
		{F2D7175F-010A-2D51-B22A-85C733FFEA55}.Debug|Any CPU.ActiveCfg = Debug|Any CPU
		{F2D7175F-010A-2D51-B22A-85C733FFEA55}.Debug|Any CPU.Build.0 = Debug|Any CPU
		{F2D7175F-010A-2D51-B22A-85C733FFEA55}.Release|Any CPU.ActiveCfg = Release|Any CPU
		{F2D7175F-010A-2D51-B22A-85C733FFEA55}.Release|Any CPU.Build.0 = Release|Any CPU
	EndGlobalSection
	GlobalSection(SolutionProperties) = preSolution
		HideSolutionNode = FALSE
	EndGlobalSection
		GlobalSection(MonoDevelopProperties) = preSolution
		StartupItem = Assembly-CSharp.csproj
		Policies = $0
		$0.TextStylePolicy = $1
		$1.inheritsSet = null
		$1.scope = text/x-csharp
		$0.CSharpFormattingPolicy = $2
		$2.inheritsSet = Mono
		$2.inheritsScope = text/x-csharp
		$2.scope = text/x-csharp
		$0.TextStylePolicy = $3
		$3.FileWidth = 120
		$3.TabWidth = 4
		$3.EolMarker = Unix
		$3.inheritsSet = Mono
		$3.inheritsScope = text/plain
		$3.scope = text/plain
	EndGlobalSection

EndGlobal
