Microsoft Visual Studio Solution File, Format Version 11.00
# Visual Studio 2008

Project("{A1C016CB-97A6-3893-0DD7-FE7FDDC964AA}") = "LD25", "Assembly-CSharp-firstpass.csproj", "{3D7DA996-BE58-322E-A4F0-92F76B8F45D5}"
EndProject
Project("{A1C016CB-97A6-3893-0DD7-FE7FDDC964AA}") = "LD25", "Assembly-CSharp.csproj", "{63B6F99F-64F5-C872-3EE6-BFF8093F7C22}"
EndProject
Project("{A1C016CB-97A6-3893-0DD7-FE7FDDC964AA}") = "LD25", "Assembly-CSharp-Editor.csproj", "{70B65DF2-50BB-9629-BE39-BE1752A91164}"
EndProject
Project("{A1C016CB-97A6-3893-0DD7-FE7FDDC964AA}") = "LD25", "Assembly-UnityScript-firstpass.unityproj", "{E963B0C4-B0B0-A319-2661-C170900D7336}"
EndProject
Project("{A1C016CB-97A6-3893-0DD7-FE7FDDC964AA}") = "LD25", "Assembly-UnityScript.unityproj", "{5F893BCA-4450-5DFB-C53E-E41A91A9EE93}"
EndProject
Project("{A1C016CB-97A6-3893-0DD7-FE7FDDC964AA}") = "LD25", "Assembly-UnityScript-Editor.unityproj", "{2178F46F-8684-9F10-D62C-E6D36E15C2B9}"
EndProject
Global
	GlobalSection(SolutionConfigurationPlatforms) = preSolution
		Debug|Any CPU = Debug|Any CPU
		Release|Any CPU = Release|Any CPU
	EndGlobalSection
	GlobalSection(ProjectConfigurationPlatforms) = postSolution
		{3D7DA996-BE58-322E-A4F0-92F76B8F45D5}.Debug|Any CPU.ActiveCfg = Debug|Any CPU
		{3D7DA996-BE58-322E-A4F0-92F76B8F45D5}.Debug|Any CPU.Build.0 = Debug|Any CPU
		{3D7DA996-BE58-322E-A4F0-92F76B8F45D5}.Release|Any CPU.ActiveCfg = Release|Any CPU
		{3D7DA996-BE58-322E-A4F0-92F76B8F45D5}.Release|Any CPU.Build.0 = Release|Any CPU
		{63B6F99F-64F5-C872-3EE6-BFF8093F7C22}.Debug|Any CPU.ActiveCfg = Debug|Any CPU
		{63B6F99F-64F5-C872-3EE6-BFF8093F7C22}.Debug|Any CPU.Build.0 = Debug|Any CPU
		{63B6F99F-64F5-C872-3EE6-BFF8093F7C22}.Release|Any CPU.ActiveCfg = Release|Any CPU
		{63B6F99F-64F5-C872-3EE6-BFF8093F7C22}.Release|Any CPU.Build.0 = Release|Any CPU
		{70B65DF2-50BB-9629-BE39-BE1752A91164}.Debug|Any CPU.ActiveCfg = Debug|Any CPU
		{70B65DF2-50BB-9629-BE39-BE1752A91164}.Debug|Any CPU.Build.0 = Debug|Any CPU
		{70B65DF2-50BB-9629-BE39-BE1752A91164}.Release|Any CPU.ActiveCfg = Release|Any CPU
		{70B65DF2-50BB-9629-BE39-BE1752A91164}.Release|Any CPU.Build.0 = Release|Any CPU
		{E963B0C4-B0B0-A319-2661-C170900D7336}.Debug|Any CPU.ActiveCfg = Debug|Any CPU
		{E963B0C4-B0B0-A319-2661-C170900D7336}.Debug|Any CPU.Build.0 = Debug|Any CPU
		{E963B0C4-B0B0-A319-2661-C170900D7336}.Release|Any CPU.ActiveCfg = Release|Any CPU
		{E963B0C4-B0B0-A319-2661-C170900D7336}.Release|Any CPU.Build.0 = Release|Any CPU
		{5F893BCA-4450-5DFB-C53E-E41A91A9EE93}.Debug|Any CPU.ActiveCfg = Debug|Any CPU
		{5F893BCA-4450-5DFB-C53E-E41A91A9EE93}.Debug|Any CPU.Build.0 = Debug|Any CPU
		{5F893BCA-4450-5DFB-C53E-E41A91A9EE93}.Release|Any CPU.ActiveCfg = Release|Any CPU
		{5F893BCA-4450-5DFB-C53E-E41A91A9EE93}.Release|Any CPU.Build.0 = Release|Any CPU
		{2178F46F-8684-9F10-D62C-E6D36E15C2B9}.Debug|Any CPU.ActiveCfg = Debug|Any CPU
		{2178F46F-8684-9F10-D62C-E6D36E15C2B9}.Debug|Any CPU.Build.0 = Debug|Any CPU
		{2178F46F-8684-9F10-D62C-E6D36E15C2B9}.Release|Any CPU.ActiveCfg = Release|Any CPU
		{2178F46F-8684-9F10-D62C-E6D36E15C2B9}.Release|Any CPU.Build.0 = Release|Any CPU
	EndGlobalSection
	GlobalSection(SolutionProperties) = preSolution
		HideSolutionNode = FALSE
	EndGlobalSection
																			GlobalSection(MonoDevelopProperties) = preSolution
		StartupItem = Assembly-CSharp.csproj
		Policies = $0
		$0.TextStylePolicy = $1
		$1.inheritsSet = null
		$1.scope = text/x-csharp
		$0.CSharpFormattingPolicy = $2
		$2.inheritsSet = Mono
		$2.inheritsScope = text/x-csharp
		$2.scope = text/x-csharp
		$0.TextStylePolicy = $3
		$3.FileWidth = 120
		$3.TabWidth = 4
		$3.EolMarker = Unix
		$3.inheritsSet = Mono
		$3.inheritsScope = text/plain
		$3.scope = text/plain
	EndGlobalSection

EndGlobal
